
Microsoft Visual Studio Solution File, Format Version 12.00
# Visual Studio 15
VisualStudioVersion = 15.0.28307.1000
MinimumVisualStudioVersion = 10.0.40219.1
Project("{FAE04EC0-301F-11D3-BF4B-00C04F79EFBC}") = "Problem_10", "Problem_10\Problem_10.csproj", "{5282ABDD-71FA-47C3-9957-A8C59DC52AC5}"
EndProject
Global
	GlobalSection(SolutionConfigurationPlatforms) = preSolution
		Debug|Any CPU = Debug|Any CPU
		Release|Any CPU = Release|Any CPU
	EndGlobalSection
	GlobalSection(ProjectConfigurationPlatforms) = postSolution
		{5282ABDD-71FA-47C3-9957-A8C59DC52AC5}.Debug|Any CPU.ActiveCfg = Debug|Any CPU
		{5282ABDD-71FA-47C3-9957-A8C59DC52AC5}.Debug|Any CPU.Build.0 = Debug|Any CPU
		{5282ABDD-71FA-47C3-9957-A8C59DC52AC5}.Release|Any CPU.ActiveCfg = Release|Any CPU
		{5282ABDD-71FA-47C3-9957-A8C59DC52AC5}.Release|Any CPU.Build.0 = Release|Any CPU
	EndGlobalSection
	GlobalSection(SolutionProperties) = preSolution
		HideSolutionNode = FALSE
	EndGlobalSection
	GlobalSection(ExtensibilityGlobals) = postSolution
		SolutionGuid = {4FC36CA0-42AD-47AD-B986-8638FF1CB69C}
	EndGlobalSection
EndGlobal
